// !$*UTF8*$!
{
	archiveVersion = 1;
	classes = {
	};
	objectVersion = 56;
	objects = {

/* Begin PBXBuildFile section */
		496F3AC429BA1C5F00FC3F2F /* AppDelegate.swift in Sources */ = {isa = PBXBuildFile; fileRef = 496F3AC329BA1C5F00FC3F2F /* AppDelegate.swift */; };
		496F3AC629BA1C5F00FC3F2F /* SceneDelegate.swift in Sources */ = {isa = PBXBuildFile; fileRef = 496F3AC529BA1C5F00FC3F2F /* SceneDelegate.swift */; };
		496F3AC829BA1C5F00FC3F2F /* LoginController.swift in Sources */ = {isa = PBXBuildFile; fileRef = 496F3AC729BA1C5F00FC3F2F /* LoginController.swift */; };
		496F3ACB29BA1C5F00FC3F2F /* Main.storyboard in Resources */ = {isa = PBXBuildFile; fileRef = 496F3AC929BA1C5F00FC3F2F /* Main.storyboard */; };
		496F3ACD29BA1C6000FC3F2F /* Assets.xcassets in Resources */ = {isa = PBXBuildFile; fileRef = 496F3ACC29BA1C6000FC3F2F /* Assets.xcassets */; };
		496F3AD029BA1C6000FC3F2F /* LaunchScreen.storyboard in Resources */ = {isa = PBXBuildFile; fileRef = 496F3ACE29BA1C6000FC3F2F /* LaunchScreen.storyboard */; };
		496F3ADD29BAFAAA00FC3F2F /* Helpers.swift in Sources */ = {isa = PBXBuildFile; fileRef = 496F3ADC29BAFAA900FC3F2F /* Helpers.swift */; };
		496F3ADF29BAFABE00FC3F2F /* RequestData.swift in Sources */ = {isa = PBXBuildFile; fileRef = 496F3ADE29BAFABE00FC3F2F /* RequestData.swift */; };
		496F3AE129BAFAE500FC3F2F /* RequestManager.swift in Sources */ = {isa = PBXBuildFile; fileRef = 496F3AE029BAFAE500FC3F2F /* RequestManager.swift */; };
		496F3AE429BAFE6900FC3F2F /* SharedManager.swift in Sources */ = {isa = PBXBuildFile; fileRef = 496F3AE329BAFE6900FC3F2F /* SharedManager.swift */; };
		496F3AE729BAFF1E00FC3F2F /* UserDefaultManager.swift in Sources */ = {isa = PBXBuildFile; fileRef = 496F3AE629BAFF1E00FC3F2F /* UserDefaultManager.swift */; };
		496F3AEA29BAFFC200FC3F2F /* UserDefaultsExt.swift in Sources */ = {isa = PBXBuildFile; fileRef = 496F3AE929BAFFC200FC3F2F /* UserDefaultsExt.swift */; };
		496F3AEC29BB050E00FC3F2F /* LoginModel.swift in Sources */ = {isa = PBXBuildFile; fileRef = 496F3AEB29BB050E00FC3F2F /* LoginModel.swift */; };
		496F3AEE29BB05A700FC3F2F /* BaseMappable.swift in Sources */ = {isa = PBXBuildFile; fileRef = 496F3AED29BB05A700FC3F2F /* BaseMappable.swift */; };
		496F3AF029BB075D00FC3F2F /* LoginVM.swift in Sources */ = {isa = PBXBuildFile; fileRef = 496F3AEF29BB075D00FC3F2F /* LoginVM.swift */; };
		496F3AF429BB2CD400FC3F2F /* CustomField.swift in Sources */ = {isa = PBXBuildFile; fileRef = 496F3AF329BB2CD400FC3F2F /* CustomField.swift */; };
		496F3AF829BB2FD100FC3F2F /* ColorExt.swift in Sources */ = {isa = PBXBuildFile; fileRef = 496F3AF729BB2FD100FC3F2F /* ColorExt.swift */; };
		496F3AFB29BB359C00FC3F2F /* PrimaryButton.swift in Sources */ = {isa = PBXBuildFile; fileRef = 496F3AFA29BB359C00FC3F2F /* PrimaryButton.swift */; };
		496F3AFD29BB39D700FC3F2F /* HomeViewController.swift in Sources */ = {isa = PBXBuildFile; fileRef = 496F3AFC29BB39D700FC3F2F /* HomeViewController.swift */; };
/* End PBXBuildFile section */

/* Begin PBXFileReference section */
		496F3AC029BA1C5F00FC3F2F /* FardanAssessment.app */ = {isa = PBXFileReference; explicitFileType = wrapper.application; includeInIndex = 0; path = FardanAssessment.app; sourceTree = BUILT_PRODUCTS_DIR; };
		496F3AC329BA1C5F00FC3F2F /* AppDelegate.swift */ = {isa = PBXFileReference; lastKnownFileType = sourcecode.swift; path = AppDelegate.swift; sourceTree = "<group>"; };
		496F3AC529BA1C5F00FC3F2F /* SceneDelegate.swift */ = {isa = PBXFileReference; lastKnownFileType = sourcecode.swift; path = SceneDelegate.swift; sourceTree = "<group>"; };
		496F3AC729BA1C5F00FC3F2F /* LoginController.swift */ = {isa = PBXFileReference; lastKnownFileType = sourcecode.swift; path = LoginController.swift; sourceTree = "<group>"; };
		496F3ACA29BA1C5F00FC3F2F /* Base */ = {isa = PBXFileReference; lastKnownFileType = file.storyboard; name = Base; path = Base.lproj/Main.storyboard; sourceTree = "<group>"; };
		496F3ACC29BA1C6000FC3F2F /* Assets.xcassets */ = {isa = PBXFileReference; lastKnownFileType = folder.assetcatalog; path = Assets.xcassets; sourceTree = "<group>"; };
		496F3ACF29BA1C6000FC3F2F /* Base */ = {isa = PBXFileReference; lastKnownFileType = file.storyboard; name = Base; path = Base.lproj/LaunchScreen.storyboard; sourceTree = "<group>"; };
		496F3AD129BA1C6000FC3F2F /* Info.plist */ = {isa = PBXFileReference; lastKnownFileType = text.plist.xml; path = Info.plist; sourceTree = "<group>"; };
		496F3ADC29BAFAA900FC3F2F /* Helpers.swift */ = {isa = PBXFileReference; lastKnownFileType = sourcecode.swift; path = Helpers.swift; sourceTree = "<group>"; };
		496F3ADE29BAFABE00FC3F2F /* RequestData.swift */ = {isa = PBXFileReference; lastKnownFileType = sourcecode.swift; path = RequestData.swift; sourceTree = "<group>"; };
		496F3AE029BAFAE500FC3F2F /* RequestManager.swift */ = {isa = PBXFileReference; lastKnownFileType = sourcecode.swift; path = RequestManager.swift; sourceTree = "<group>"; };
		496F3AE329BAFE6900FC3F2F /* SharedManager.swift */ = {isa = PBXFileReference; lastKnownFileType = sourcecode.swift; path = SharedManager.swift; sourceTree = "<group>"; };
		496F3AE629BAFF1E00FC3F2F /* UserDefaultManager.swift */ = {isa = PBXFileReference; lastKnownFileType = sourcecode.swift; path = UserDefaultManager.swift; sourceTree = "<group>"; };
		496F3AE929BAFFC200FC3F2F /* UserDefaultsExt.swift */ = {isa = PBXFileReference; lastKnownFileType = sourcecode.swift; path = UserDefaultsExt.swift; sourceTree = "<group>"; };
		496F3AEB29BB050E00FC3F2F /* LoginModel.swift */ = {isa = PBXFileReference; lastKnownFileType = sourcecode.swift; path = LoginModel.swift; sourceTree = "<group>"; };
		496F3AED29BB05A700FC3F2F /* BaseMappable.swift */ = {isa = PBXFileReference; lastKnownFileType = sourcecode.swift; path = BaseMappable.swift; sourceTree = "<group>"; };
		496F3AEF29BB075D00FC3F2F /* LoginVM.swift */ = {isa = PBXFileReference; lastKnownFileType = sourcecode.swift; path = LoginVM.swift; sourceTree = "<group>"; };
		496F3AF329BB2CD400FC3F2F /* CustomField.swift */ = {isa = PBXFileReference; lastKnownFileType = sourcecode.swift; path = CustomField.swift; sourceTree = "<group>"; };
		496F3AF729BB2FD100FC3F2F /* ColorExt.swift */ = {isa = PBXFileReference; lastKnownFileType = sourcecode.swift; path = ColorExt.swift; sourceTree = "<group>"; };
		496F3AFA29BB359C00FC3F2F /* PrimaryButton.swift */ = {isa = PBXFileReference; lastKnownFileType = sourcecode.swift; path = PrimaryButton.swift; sourceTree = "<group>"; };
		496F3AFC29BB39D700FC3F2F /* HomeViewController.swift */ = {isa = PBXFileReference; lastKnownFileType = sourcecode.swift; path = HomeViewController.swift; sourceTree = "<group>"; };
/* End PBXFileReference section */

/* Begin PBXFrameworksBuildPhase section */
		496F3ABD29BA1C5F00FC3F2F /* Frameworks */ = {
			isa = PBXFrameworksBuildPhase;
			buildActionMask = 2147483647;
			files = (
			);
			runOnlyForDeploymentPostprocessing = 0;
		};
/* End PBXFrameworksBuildPhase section */

/* Begin PBXGroup section */
		496F3AB729BA1C5F00FC3F2F = {
			isa = PBXGroup;
			children = (
				496F3AC229BA1C5F00FC3F2F /* FardanAssessment */,
				496F3AC129BA1C5F00FC3F2F /* Products */,
			);
			sourceTree = "<group>";
		};
		496F3AC129BA1C5F00FC3F2F /* Products */ = {
			isa = PBXGroup;
			children = (
				496F3AC029BA1C5F00FC3F2F /* FardanAssessment.app */,
			);
			name = Products;
			sourceTree = "<group>";
		};
		496F3AC229BA1C5F00FC3F2F /* FardanAssessment */ = {
			isa = PBXGroup;
			children = (
				496F3AF229BB2C5B00FC3F2F /* Components */,
				496F3AD729BAFA3700FC3F2F /* Networking */,
				496F3ADA29BAFA6200FC3F2F /* Models */,
				496F3AD929BAFA4A00FC3F2F /* Views */,
				496F3ADB29BAFA6D00FC3F2F /* ViewModels */,
				496F3AE829BAFFB000FC3F2F /* Extensions */,
				496F3AE229BAFE5B00FC3F2F /* Utilities */,
				496F3AF129BB095700FC3F2F /* SuppportFiles */,
				496F3AF629BB2E2500FC3F2F /* Resources */,
				496F3AD129BA1C6000FC3F2F /* Info.plist */,
			);
			path = FardanAssessment;
			sourceTree = "<group>";
		};
		496F3AD729BAFA3700FC3F2F /* Networking */ = {
			isa = PBXGroup;
			children = (
				496F3ADC29BAFAA900FC3F2F /* Helpers.swift */,
				496F3ADE29BAFABE00FC3F2F /* RequestData.swift */,
				496F3AE029BAFAE500FC3F2F /* RequestManager.swift */,
			);
			path = Networking;
			sourceTree = "<group>";
		};
		496F3AD929BAFA4A00FC3F2F /* Views */ = {
			isa = PBXGroup;
			children = (
				496F3AC929BA1C5F00FC3F2F /* Main.storyboard */,
				496F3ACE29BA1C6000FC3F2F /* LaunchScreen.storyboard */,
				496F3AC729BA1C5F00FC3F2F /* LoginController.swift */,
				496F3AFC29BB39D700FC3F2F /* HomeViewController.swift */,
			);
			path = Views;
			sourceTree = "<group>";
		};
		496F3ADA29BAFA6200FC3F2F /* Models */ = {
			isa = PBXGroup;
			children = (
				496F3AED29BB05A700FC3F2F /* BaseMappable.swift */,
				496F3AEB29BB050E00FC3F2F /* LoginModel.swift */,
			);
			path = Models;
			sourceTree = "<group>";
		};
		496F3ADB29BAFA6D00FC3F2F /* ViewModels */ = {
			isa = PBXGroup;
			children = (
				496F3AEF29BB075D00FC3F2F /* LoginVM.swift */,
			);
			path = ViewModels;
			sourceTree = "<group>";
		};
		496F3AE229BAFE5B00FC3F2F /* Utilities */ = {
			isa = PBXGroup;
			children = (
				496F3AE329BAFE6900FC3F2F /* SharedManager.swift */,
				496F3AE629BAFF1E00FC3F2F /* UserDefaultManager.swift */,
			);
			path = Utilities;
			sourceTree = "<group>";
		};
		496F3AE829BAFFB000FC3F2F /* Extensions */ = {
			isa = PBXGroup;
			children = (
				496F3AE929BAFFC200FC3F2F /* UserDefaultsExt.swift */,
				496F3AF729BB2FD100FC3F2F /* ColorExt.swift */,
			);
			path = Extensions;
			sourceTree = "<group>";
		};
		496F3AF129BB095700FC3F2F /* SuppportFiles */ = {
			isa = PBXGroup;
			children = (
				496F3AC529BA1C5F00FC3F2F /* SceneDelegate.swift */,
				496F3AC329BA1C5F00FC3F2F /* AppDelegate.swift */,
			);
			path = SuppportFiles;
			sourceTree = "<group>";
		};
		496F3AF229BB2C5B00FC3F2F /* Components */ = {
			isa = PBXGroup;
			children = (
				496F3AF929BB358000FC3F2F /* Buttons */,
				496F3AF529BB2CD900FC3F2F /* Textfields */,
			);
			path = Components;
			sourceTree = "<group>";
		};
		496F3AF529BB2CD900FC3F2F /* Textfields */ = {
			isa = PBXGroup;
			children = (
				496F3AF329BB2CD400FC3F2F /* CustomField.swift */,
			);
			path = Textfields;
			sourceTree = "<group>";
		};
		496F3AF629BB2E2500FC3F2F /* Resources */ = {
			isa = PBXGroup;
			children = (
				496F3ACC29BA1C6000FC3F2F /* Assets.xcassets */,
			);
			path = Resources;
			sourceTree = "<group>";
		};
		496F3AF929BB358000FC3F2F /* Buttons */ = {
			isa = PBXGroup;
			children = (
				496F3AFA29BB359C00FC3F2F /* PrimaryButton.swift */,
			);
			path = Buttons;
			sourceTree = "<group>";
		};
/* End PBXGroup section */

/* Begin PBXNativeTarget section */
		496F3ABF29BA1C5F00FC3F2F /* FardanAssessment */ = {
			isa = PBXNativeTarget;
			buildConfigurationList = 496F3AD429BA1C6100FC3F2F /* Build configuration list for PBXNativeTarget "FardanAssessment" */;
			buildPhases = (
				496F3ABC29BA1C5F00FC3F2F /* Sources */,
				496F3ABD29BA1C5F00FC3F2F /* Frameworks */,
				496F3ABE29BA1C5F00FC3F2F /* Resources */,
			);
			buildRules = (
			);
			dependencies = (
			);
			name = FardanAssessment;
			productName = FardanAssessment;
			productReference = 496F3AC029BA1C5F00FC3F2F /* FardanAssessment.app */;
			productType = "com.apple.product-type.application";
		};
/* End PBXNativeTarget section */

/* Begin PBXProject section */
		496F3AB829BA1C5F00FC3F2F /* Project object */ = {
			isa = PBXProject;
			attributes = {
				BuildIndependentTargetsInParallel = 1;
				LastSwiftUpdateCheck = 1400;
				LastUpgradeCheck = 1400;
				TargetAttributes = {
					496F3ABF29BA1C5F00FC3F2F = {
						CreatedOnToolsVersion = 14.0;
					};
				};
			};
			buildConfigurationList = 496F3ABB29BA1C5F00FC3F2F /* Build configuration list for PBXProject "FardanAssessment" */;
			compatibilityVersion = "Xcode 14.0";
			developmentRegion = en;
			hasScannedForEncodings = 0;
			knownRegions = (
				en,
				Base,
			);
			mainGroup = 496F3AB729BA1C5F00FC3F2F;
			productRefGroup = 496F3AC129BA1C5F00FC3F2F /* Products */;
			projectDirPath = "";
			projectRoot = "";
			targets = (
				496F3ABF29BA1C5F00FC3F2F /* FardanAssessment */,
			);
		};
/* End PBXProject section */

/* Begin PBXResourcesBuildPhase section */
		496F3ABE29BA1C5F00FC3F2F /* Resources */ = {
			isa = PBXResourcesBuildPhase;
			buildActionMask = 2147483647;
			files = (
				496F3AD029BA1C6000FC3F2F /* LaunchScreen.storyboard in Resources */,
				496F3ACD29BA1C6000FC3F2F /* Assets.xcassets in Resources */,
				496F3ACB29BA1C5F00FC3F2F /* Main.storyboard in Resources */,
			);
			runOnlyForDeploymentPostprocessing = 0;
		};
/* End PBXResourcesBuildPhase section */

/* Begin PBXSourcesBuildPhase section */
		496F3ABC29BA1C5F00FC3F2F /* Sources */ = {
			isa = PBXSourcesBuildPhase;
			buildActionMask = 2147483647;
			files = (
				496F3AEE29BB05A700FC3F2F /* BaseMappable.swift in Sources */,
				496F3AC829BA1C5F00FC3F2F /* LoginController.swift in Sources */,
				496F3ADF29BAFABE00FC3F2F /* RequestData.swift in Sources */,
				496F3AE729BAFF1E00FC3F2F /* UserDefaultManager.swift in Sources */,
				496F3AEA29BAFFC200FC3F2F /* UserDefaultsExt.swift in Sources */,
				496F3AC429BA1C5F00FC3F2F /* AppDelegate.swift in Sources */,
				496F3AEC29BB050E00FC3F2F /* LoginModel.swift in Sources */,
				496F3AE429BAFE6900FC3F2F /* SharedManager.swift in Sources */,
				496F3AF029BB075D00FC3F2F /* LoginVM.swift in Sources */,
				496F3AF429BB2CD400FC3F2F /* CustomField.swift in Sources */,
				496F3AE129BAFAE500FC3F2F /* RequestManager.swift in Sources */,
				496F3AFD29BB39D700FC3F2F /* HomeViewController.swift in Sources */,
				496F3AC629BA1C5F00FC3F2F /* SceneDelegate.swift in Sources */,
				496F3AFB29BB359C00FC3F2F /* PrimaryButton.swift in Sources */,
				496F3ADD29BAFAAA00FC3F2F /* Helpers.swift in Sources */,
				496F3AF829BB2FD100FC3F2F /* ColorExt.swift in Sources */,
			);
			runOnlyForDeploymentPostprocessing = 0;
		};
/* End PBXSourcesBuildPhase section */

/* Begin PBXVariantGroup section */
		496F3AC929BA1C5F00FC3F2F /* Main.storyboard */ = {
			isa = PBXVariantGroup;
			children = (
				496F3ACA29BA1C5F00FC3F2F /* Base */,
			);
			name = Main.storyboard;
			sourceTree = "<group>";
		};
		496F3ACE29BA1C6000FC3F2F /* LaunchScreen.storyboard */ = {
			isa = PBXVariantGroup;
			children = (
				496F3ACF29BA1C6000FC3F2F /* Base */,
			);
			name = LaunchScreen.storyboard;
			sourceTree = "<group>";
		};
/* End PBXVariantGroup section */

/* Begin XCBuildConfiguration section */
		496F3AD229BA1C6000FC3F2F /* Debug */ = {
			isa = XCBuildConfiguration;
			buildSettings = {
				ALWAYS_SEARCH_USER_PATHS = NO;
				CLANG_ANALYZER_NONNULL = YES;
				CLANG_ANALYZER_NUMBER_OBJECT_CONVERSION = YES_AGGRESSIVE;
				CLANG_CXX_LANGUAGE_STANDARD = "gnu++20";
				CLANG_ENABLE_MODULES = YES;
				CLANG_ENABLE_OBJC_ARC = YES;
				CLANG_ENABLE_OBJC_WEAK = YES;
				CLANG_WARN_BLOCK_CAPTURE_AUTORELEASING = YES;
				CLANG_WARN_BOOL_CONVERSION = YES;
				CLANG_WARN_COMMA = YES;
				CLANG_WARN_CONSTANT_CONVERSION = YES;
				CLANG_WARN_DEPRECATED_OBJC_IMPLEMENTATIONS = YES;
				CLANG_WARN_DIRECT_OBJC_ISA_USAGE = YES_ERROR;
				CLANG_WARN_DOCUMENTATION_COMMENTS = YES;
				CLANG_WARN_EMPTY_BODY = YES;
				CLANG_WARN_ENUM_CONVERSION = YES;
				CLANG_WARN_INFINITE_RECURSION = YES;
				CLANG_WARN_INT_CONVERSION = YES;
				CLANG_WARN_NON_LITERAL_NULL_CONVERSION = YES;
				CLANG_WARN_OBJC_IMPLICIT_RETAIN_SELF = YES;
				CLANG_WARN_OBJC_LITERAL_CONVERSION = YES;
				CLANG_WARN_OBJC_ROOT_CLASS = YES_ERROR;
				CLANG_WARN_QUOTED_INCLUDE_IN_FRAMEWORK_HEADER = YES;
				CLANG_WARN_RANGE_LOOP_ANALYSIS = YES;
				CLANG_WARN_STRICT_PROTOTYPES = YES;
				CLANG_WARN_SUSPICIOUS_MOVE = YES;
				CLANG_WARN_UNGUARDED_AVAILABILITY = YES_AGGRESSIVE;
				CLANG_WARN_UNREACHABLE_CODE = YES;
				CLANG_WARN__DUPLICATE_METHOD_MATCH = YES;
				COPY_PHASE_STRIP = NO;
				DEBUG_INFORMATION_FORMAT = dwarf;
				ENABLE_STRICT_OBJC_MSGSEND = YES;
				ENABLE_TESTABILITY = YES;
				GCC_C_LANGUAGE_STANDARD = gnu11;
				GCC_DYNAMIC_NO_PIC = NO;
				GCC_NO_COMMON_BLOCKS = YES;
				GCC_OPTIMIZATION_LEVEL = 0;
				GCC_PREPROCESSOR_DEFINITIONS = (
					"DEBUG=1",
					"$(inherited)",
				);
				GCC_WARN_64_TO_32_BIT_CONVERSION = YES;
				GCC_WARN_ABOUT_RETURN_TYPE = YES_ERROR;
				GCC_WARN_UNDECLARED_SELECTOR = YES;
				GCC_WARN_UNINITIALIZED_AUTOS = YES_AGGRESSIVE;
				GCC_WARN_UNUSED_FUNCTION = YES;
				GCC_WARN_UNUSED_VARIABLE = YES;
				IPHONEOS_DEPLOYMENT_TARGET = 16.0;
				MTL_ENABLE_DEBUG_INFO = INCLUDE_SOURCE;
				MTL_FAST_MATH = YES;
				ONLY_ACTIVE_ARCH = YES;
				SDKROOT = iphoneos;
				SWIFT_ACTIVE_COMPILATION_CONDITIONS = DEBUG;
				SWIFT_OPTIMIZATION_LEVEL = "-Onone";
			};
			name = Debug;
		};
		496F3AD329BA1C6000FC3F2F /* Release */ = {
			isa = XCBuildConfiguration;
			buildSettings = {
				ALWAYS_SEARCH_USER_PATHS = NO;
				CLANG_ANALYZER_NONNULL = YES;
				CLANG_ANALYZER_NUMBER_OBJECT_CONVERSION = YES_AGGRESSIVE;
				CLANG_CXX_LANGUAGE_STANDARD = "gnu++20";
				CLANG_ENABLE_MODULES = YES;
				CLANG_ENABLE_OBJC_ARC = YES;
				CLANG_ENABLE_OBJC_WEAK = YES;
				CLANG_WARN_BLOCK_CAPTURE_AUTORELEASING = YES;
				CLANG_WARN_BOOL_CONVERSION = YES;
				CLANG_WARN_COMMA = YES;
				CLANG_WARN_CONSTANT_CONVERSION = YES;
				CLANG_WARN_DEPRECATED_OBJC_IMPLEMENTATIONS = YES;
				CLANG_WARN_DIRECT_OBJC_ISA_USAGE = YES_ERROR;
				CLANG_WARN_DOCUMENTATION_COMMENTS = YES;
				CLANG_WARN_EMPTY_BODY = YES;
				CLANG_WARN_ENUM_CONVERSION = YES;
				CLANG_WARN_INFINITE_RECURSION = YES;
				CLANG_WARN_INT_CONVERSION = YES;
				CLANG_WARN_NON_LITERAL_NULL_CONVERSION = YES;
				CLANG_WARN_OBJC_IMPLICIT_RETAIN_SELF = YES;
				CLANG_WARN_OBJC_LITERAL_CONVERSION = YES;
				CLANG_WARN_OBJC_ROOT_CLASS = YES_ERROR;
				CLANG_WARN_QUOTED_INCLUDE_IN_FRAMEWORK_HEADER = YES;
				CLANG_WARN_RANGE_LOOP_ANALYSIS = YES;
				CLANG_WARN_STRICT_PROTOTYPES = YES;
				CLANG_WARN_SUSPICIOUS_MOVE = YES;
				CLANG_WARN_UNGUARDED_AVAILABILITY = YES_AGGRESSIVE;
				CLANG_WARN_UNREACHABLE_CODE = YES;
				CLANG_WARN__DUPLICATE_METHOD_MATCH = YES;
				COPY_PHASE_STRIP = NO;
				DEBUG_INFORMATION_FORMAT = "dwarf-with-dsym";
				ENABLE_NS_ASSERTIONS = NO;
				ENABLE_STRICT_OBJC_MSGSEND = YES;
				GCC_C_LANGUAGE_STANDARD = gnu11;
				GCC_NO_COMMON_BLOCKS = YES;
				GCC_WARN_64_TO_32_BIT_CONVERSION = YES;
				GCC_WARN_ABOUT_RETURN_TYPE = YES_ERROR;
				GCC_WARN_UNDECLARED_SELECTOR = YES;
				GCC_WARN_UNINITIALIZED_AUTOS = YES_AGGRESSIVE;
				GCC_WARN_UNUSED_FUNCTION = YES;
				GCC_WARN_UNUSED_VARIABLE = YES;
				IPHONEOS_DEPLOYMENT_TARGET = 16.0;
				MTL_ENABLE_DEBUG_INFO = NO;
				MTL_FAST_MATH = YES;
				SDKROOT = iphoneos;
				SWIFT_COMPILATION_MODE = wholemodule;
				SWIFT_OPTIMIZATION_LEVEL = "-O";
				VALIDATE_PRODUCT = YES;
			};
			name = Release;
		};
		496F3AD529BA1C6100FC3F2F /* Debug */ = {
			isa = XCBuildConfiguration;
			buildSettings = {
				ASSETCATALOG_COMPILER_APPICON_NAME = AppIcon;
				ASSETCATALOG_COMPILER_GLOBAL_ACCENT_COLOR_NAME = AccentColor;
				CODE_SIGN_STYLE = Automatic;
				CURRENT_PROJECT_VERSION = 1;
				DEVELOPMENT_TEAM = LU2QC2Z665;
				GENERATE_INFOPLIST_FILE = YES;
				INFOPLIST_FILE = FardanAssessment/Info.plist;
				INFOPLIST_KEY_UIApplicationSupportsIndirectInputEvents = YES;
				INFOPLIST_KEY_UILaunchStoryboardName = LaunchScreen;
				INFOPLIST_KEY_UIMainStoryboardFile = Main;
				INFOPLIST_KEY_UISupportedInterfaceOrientations_iPad = "UIInterfaceOrientationPortrait UIInterfaceOrientationPortraitUpsideDown UIInterfaceOrientationLandscapeLeft UIInterfaceOrientationLandscapeRight";
				INFOPLIST_KEY_UISupportedInterfaceOrientations_iPhone = "UIInterfaceOrientationPortrait UIInterfaceOrientationLandscapeLeft UIInterfaceOrientationLandscapeRight";
				LD_RUNPATH_SEARCH_PATHS = (
					"$(inherited)",
					"@executable_path/Frameworks",
				);
				MARKETING_VERSION = 1.0;
				PRODUCT_BUNDLE_IDENTIFIER = com.salman.FardanAssessment;
				PRODUCT_NAME = "$(TARGET_NAME)";
				SWIFT_EMIT_LOC_STRINGS = YES;
				SWIFT_VERSION = 5.0;
				TARGETED_DEVICE_FAMILY = "1,2";
			};
			name = Debug;
		};
		496F3AD629BA1C6100FC3F2F /* Release */ = {
			isa = XCBuildConfiguration;
			buildSettings = {
				ASSETCATALOG_COMPILER_APPICON_NAME = AppIcon;
				ASSETCATALOG_COMPILER_GLOBAL_ACCENT_COLOR_NAME = AccentColor;
				CODE_SIGN_STYLE = Automatic;
				CURRENT_PROJECT_VERSION = 1;
				DEVELOPMENT_TEAM = LU2QC2Z665;
				GENERATE_INFOPLIST_FILE = YES;
				INFOPLIST_FILE = FardanAssessment/Info.plist;
				INFOPLIST_KEY_UIApplicationSupportsIndirectInputEvents = YES;
				INFOPLIST_KEY_UILaunchStoryboardName = LaunchScreen;
				INFOPLIST_KEY_UIMainStoryboardFile = Main;
				INFOPLIST_KEY_UISupportedInterfaceOrientations_iPad = "UIInterfaceOrientationPortrait UIInterfaceOrientationPortraitUpsideDown UIInterfaceOrientationLandscapeLeft UIInterfaceOrientationLandscapeRight";
				INFOPLIST_KEY_UISupportedInterfaceOrientations_iPhone = "UIInterfaceOrientationPortrait UIInterfaceOrientationLandscapeLeft UIInterfaceOrientationLandscapeRight";
				LD_RUNPATH_SEARCH_PATHS = (
					"$(inherited)",
					"@executable_path/Frameworks",
				);
				MARKETING_VERSION = 1.0;
				PRODUCT_BUNDLE_IDENTIFIER = com.salman.FardanAssessment;
				PRODUCT_NAME = "$(TARGET_NAME)";
				SWIFT_EMIT_LOC_STRINGS = YES;
				SWIFT_VERSION = 5.0;
				TARGETED_DEVICE_FAMILY = "1,2";
			};
			name = Release;
		};
/* End XCBuildConfiguration section */

/* Begin XCConfigurationList section */
		496F3ABB29BA1C5F00FC3F2F /* Build configuration list for PBXProject "FardanAssessment" */ = {
			isa = XCConfigurationList;
			buildConfigurations = (
				496F3AD229BA1C6000FC3F2F /* Debug */,
				496F3AD329BA1C6000FC3F2F /* Release */,
			);
			defaultConfigurationIsVisible = 0;
			defaultConfigurationName = Release;
		};
		496F3AD429BA1C6100FC3F2F /* Build configuration list for PBXNativeTarget "FardanAssessment" */ = {
			isa = XCConfigurationList;
			buildConfigurations = (
				496F3AD529BA1C6100FC3F2F /* Debug */,
				496F3AD629BA1C6100FC3F2F /* Release */,
			);
			defaultConfigurationIsVisible = 0;
			defaultConfigurationName = Release;
		};
/* End XCConfigurationList section */
	};
	rootObject = 496F3AB829BA1C5F00FC3F2F /* Project object */;
}
